// !$*UTF8*$!
{
	archiveVersion = 1;
	classes = {
	};
	objectVersion = 46;
	objects = {

/* Begin PBXBuildFile section */
		B6704A4423C4A95D00E81AB3 /* AndyPeronalSafeThread.m in Sources */ = {isa = PBXBuildFile; fileRef = B6704A4323C4A95D00E81AB3 /* AndyPeronalSafeThread.m */; };
		B6704A4923C4B74800E81AB3 /* AndyTask.m in Sources */ = {isa = PBXBuildFile; fileRef = B6704A4623C4B74800E81AB3 /* AndyTask.m */; };
		B6704A4A23C4B74800E81AB3 /* AndyTaskQueue.m in Sources */ = {isa = PBXBuildFile; fileRef = B6704A4823C4B74800E81AB3 /* AndyTaskQueue.m */; };
		B6B707A61E1BAF9900347B96 /* main.m in Sources */ = {isa = PBXBuildFile; fileRef = B6B707A51E1BAF9900347B96 /* main.m */; };
		B6B707A91E1BAF9900347B96 /* AppDelegate.m in Sources */ = {isa = PBXBuildFile; fileRef = B6B707A81E1BAF9900347B96 /* AppDelegate.m */; };
		B6B707AC1E1BAF9900347B96 /* ViewController.m in Sources */ = {isa = PBXBuildFile; fileRef = B6B707AB1E1BAF9900347B96 /* ViewController.m */; };
		B6B707AF1E1BAF9900347B96 /* Main.storyboard in Resources */ = {isa = PBXBuildFile; fileRef = B6B707AD1E1BAF9900347B96 /* Main.storyboard */; };
		B6B707B11E1BAF9900347B96 /* Assets.xcassets in Resources */ = {isa = PBXBuildFile; fileRef = B6B707B01E1BAF9900347B96 /* Assets.xcassets */; };
		B6B707B41E1BAF9900347B96 /* LaunchScreen.storyboard in Resources */ = {isa = PBXBuildFile; fileRef = B6B707B21E1BAF9900347B96 /* LaunchScreen.storyboard */; };
		B6B707BF1E1BAF9900347B96 /* AndyGCD_TestTests.m in Sources */ = {isa = PBXBuildFile; fileRef = B6B707BE1E1BAF9900347B96 /* AndyGCD_TestTests.m */; };
		B6B707CA1E1BAF9900347B96 /* AndyGCD_TestUITests.m in Sources */ = {isa = PBXBuildFile; fileRef = B6B707C91E1BAF9900347B96 /* AndyGCD_TestUITests.m */; };
		B6B707DB1E1BB0F300347B96 /* AndyGCDQueue.m in Sources */ = {isa = PBXBuildFile; fileRef = B6B707DA1E1BB0F300347B96 /* AndyGCDQueue.m */; };
		B6B707DE1E1BB1AF00347B96 /* AndyGCDGroup.m in Sources */ = {isa = PBXBuildFile; fileRef = B6B707DD1E1BB1AF00347B96 /* AndyGCDGroup.m */; };
		B6B707E11E1BB77100347B96 /* AndyGCDSemaphore.m in Sources */ = {isa = PBXBuildFile; fileRef = B6B707E01E1BB77100347B96 /* AndyGCDSemaphore.m */; };
		B6B707E41E1BB78100347B96 /* AndyGCDTimer.m in Sources */ = {isa = PBXBuildFile; fileRef = B6B707E31E1BB78100347B96 /* AndyGCDTimer.m */; };
		B6BA3A7D1E5EEE65006E7983 /* AndyGCDConst.m in Sources */ = {isa = PBXBuildFile; fileRef = B6BA3A7C1E5EEE65006E7983 /* AndyGCDConst.m */; };
		B6D9610D22C5F75D00A8F8D9 /* AndyLifeFreedomThread.m in Sources */ = {isa = PBXBuildFile; fileRef = B6D9610C22C5F75D00A8F8D9 /* AndyLifeFreedomThread.m */; };
		B6D9611022C5F83800A8F8D9 /* AndySafeThread.m in Sources */ = {isa = PBXBuildFile; fileRef = B6D9610F22C5F83800A8F8D9 /* AndySafeThread.m */; };
/* End PBXBuildFile section */

/* Begin PBXContainerItemProxy section */
		B6B707BB1E1BAF9900347B96 /* PBXContainerItemProxy */ = {
			isa = PBXContainerItemProxy;
			containerPortal = B6B707991E1BAF9900347B96 /* Project object */;
			proxyType = 1;
			remoteGlobalIDString = B6B707A01E1BAF9900347B96;
			remoteInfo = AndyGCD_Test;
		};
		B6B707C61E1BAF9900347B96 /* PBXContainerItemProxy */ = {
			isa = PBXContainerItemProxy;
			containerPortal = B6B707991E1BAF9900347B96 /* Project object */;
			proxyType = 1;
			remoteGlobalIDString = B6B707A01E1BAF9900347B96;
			remoteInfo = AndyGCD_Test;
		};
/* End PBXContainerItemProxy section */

/* Begin PBXFileReference section */
		B6704A4223C4A95D00E81AB3 /* AndyPeronalSafeThread.h */ = {isa = PBXFileReference; lastKnownFileType = sourcecode.c.h; path = AndyPeronalSafeThread.h; sourceTree = "<group>"; };
		B6704A4323C4A95D00E81AB3 /* AndyPeronalSafeThread.m */ = {isa = PBXFileReference; lastKnownFileType = sourcecode.c.objc; path = AndyPeronalSafeThread.m; sourceTree = "<group>"; };
		B6704A4523C4B74800E81AB3 /* AndyTask.h */ = {isa = PBXFileReference; fileEncoding = 4; lastKnownFileType = sourcecode.c.h; path = AndyTask.h; sourceTree = "<group>"; };
		B6704A4623C4B74800E81AB3 /* AndyTask.m */ = {isa = PBXFileReference; fileEncoding = 4; lastKnownFileType = sourcecode.c.objc; path = AndyTask.m; sourceTree = "<group>"; };
		B6704A4723C4B74800E81AB3 /* AndyTaskQueue.h */ = {isa = PBXFileReference; fileEncoding = 4; lastKnownFileType = sourcecode.c.h; path = AndyTaskQueue.h; sourceTree = "<group>"; };
		B6704A4823C4B74800E81AB3 /* AndyTaskQueue.m */ = {isa = PBXFileReference; fileEncoding = 4; lastKnownFileType = sourcecode.c.objc; path = AndyTaskQueue.m; sourceTree = "<group>"; };
		B6B707A11E1BAF9900347B96 /* AndyGCD_Test.app */ = {isa = PBXFileReference; explicitFileType = wrapper.application; includeInIndex = 0; path = AndyGCD_Test.app; sourceTree = BUILT_PRODUCTS_DIR; };
		B6B707A51E1BAF9900347B96 /* main.m */ = {isa = PBXFileReference; lastKnownFileType = sourcecode.c.objc; path = main.m; sourceTree = "<group>"; };
		B6B707A71E1BAF9900347B96 /* AppDelegate.h */ = {isa = PBXFileReference; lastKnownFileType = sourcecode.c.h; path = AppDelegate.h; sourceTree = "<group>"; };
		B6B707A81E1BAF9900347B96 /* AppDelegate.m */ = {isa = PBXFileReference; lastKnownFileType = sourcecode.c.objc; path = AppDelegate.m; sourceTree = "<group>"; };
		B6B707AA1E1BAF9900347B96 /* ViewController.h */ = {isa = PBXFileReference; lastKnownFileType = sourcecode.c.h; path = ViewController.h; sourceTree = "<group>"; };
		B6B707AB1E1BAF9900347B96 /* ViewController.m */ = {isa = PBXFileReference; lastKnownFileType = sourcecode.c.objc; path = ViewController.m; sourceTree = "<group>"; };
		B6B707AE1E1BAF9900347B96 /* Base */ = {isa = PBXFileReference; lastKnownFileType = file.storyboard; name = Base; path = Base.lproj/Main.storyboard; sourceTree = "<group>"; };
		B6B707B01E1BAF9900347B96 /* Assets.xcassets */ = {isa = PBXFileReference; lastKnownFileType = folder.assetcatalog; path = Assets.xcassets; sourceTree = "<group>"; };
		B6B707B31E1BAF9900347B96 /* Base */ = {isa = PBXFileReference; lastKnownFileType = file.storyboard; name = Base; path = Base.lproj/LaunchScreen.storyboard; sourceTree = "<group>"; };
		B6B707B51E1BAF9900347B96 /* Info.plist */ = {isa = PBXFileReference; lastKnownFileType = text.plist.xml; path = Info.plist; sourceTree = "<group>"; };
		B6B707BA1E1BAF9900347B96 /* AndyGCD_TestTests.xctest */ = {isa = PBXFileReference; explicitFileType = wrapper.cfbundle; includeInIndex = 0; path = AndyGCD_TestTests.xctest; sourceTree = BUILT_PRODUCTS_DIR; };
		B6B707BE1E1BAF9900347B96 /* AndyGCD_TestTests.m */ = {isa = PBXFileReference; lastKnownFileType = sourcecode.c.objc; path = AndyGCD_TestTests.m; sourceTree = "<group>"; };
		B6B707C01E1BAF9900347B96 /* Info.plist */ = {isa = PBXFileReference; lastKnownFileType = text.plist.xml; path = Info.plist; sourceTree = "<group>"; };
		B6B707C51E1BAF9900347B96 /* AndyGCD_TestUITests.xctest */ = {isa = PBXFileReference; explicitFileType = wrapper.cfbundle; includeInIndex = 0; path = AndyGCD_TestUITests.xctest; sourceTree = BUILT_PRODUCTS_DIR; };
		B6B707C91E1BAF9900347B96 /* AndyGCD_TestUITests.m */ = {isa = PBXFileReference; lastKnownFileType = sourcecode.c.objc; path = AndyGCD_TestUITests.m; sourceTree = "<group>"; };
		B6B707CB1E1BAF9900347B96 /* Info.plist */ = {isa = PBXFileReference; lastKnownFileType = text.plist.xml; path = Info.plist; sourceTree = "<group>"; };
		B6B707D81E1BB0A900347B96 /* AndyGCD.h */ = {isa = PBXFileReference; lastKnownFileType = sourcecode.c.h; path = AndyGCD.h; sourceTree = "<group>"; };
		B6B707D91E1BB0F300347B96 /* AndyGCDQueue.h */ = {isa = PBXFileReference; fileEncoding = 4; lastKnownFileType = sourcecode.c.h; path = AndyGCDQueue.h; sourceTree = "<group>"; };
		B6B707DA1E1BB0F300347B96 /* AndyGCDQueue.m */ = {isa = PBXFileReference; fileEncoding = 4; lastKnownFileType = sourcecode.c.objc; path = AndyGCDQueue.m; sourceTree = "<group>"; };
		B6B707DC1E1BB1AF00347B96 /* AndyGCDGroup.h */ = {isa = PBXFileReference; fileEncoding = 4; lastKnownFileType = sourcecode.c.h; path = AndyGCDGroup.h; sourceTree = "<group>"; };
		B6B707DD1E1BB1AF00347B96 /* AndyGCDGroup.m */ = {isa = PBXFileReference; fileEncoding = 4; lastKnownFileType = sourcecode.c.objc; path = AndyGCDGroup.m; sourceTree = "<group>"; };
		B6B707DF1E1BB77100347B96 /* AndyGCDSemaphore.h */ = {isa = PBXFileReference; fileEncoding = 4; lastKnownFileType = sourcecode.c.h; path = AndyGCDSemaphore.h; sourceTree = "<group>"; };
		B6B707E01E1BB77100347B96 /* AndyGCDSemaphore.m */ = {isa = PBXFileReference; fileEncoding = 4; lastKnownFileType = sourcecode.c.objc; path = AndyGCDSemaphore.m; sourceTree = "<group>"; };
		B6B707E21E1BB78100347B96 /* AndyGCDTimer.h */ = {isa = PBXFileReference; fileEncoding = 4; lastKnownFileType = sourcecode.c.h; path = AndyGCDTimer.h; sourceTree = "<group>"; };
		B6B707E31E1BB78100347B96 /* AndyGCDTimer.m */ = {isa = PBXFileReference; fileEncoding = 4; lastKnownFileType = sourcecode.c.objc; path = AndyGCDTimer.m; sourceTree = "<group>"; };
		B6BA3A7B1E5EEE65006E7983 /* AndyGCDConst.h */ = {isa = PBXFileReference; fileEncoding = 4; lastKnownFileType = sourcecode.c.h; path = AndyGCDConst.h; sourceTree = "<group>"; };
		B6BA3A7C1E5EEE65006E7983 /* AndyGCDConst.m */ = {isa = PBXFileReference; fileEncoding = 4; lastKnownFileType = sourcecode.c.objc; path = AndyGCDConst.m; sourceTree = "<group>"; };
		B6D9610B22C5F75D00A8F8D9 /* AndyLifeFreedomThread.h */ = {isa = PBXFileReference; lastKnownFileType = sourcecode.c.h; path = AndyLifeFreedomThread.h; sourceTree = "<group>"; };
		B6D9610C22C5F75D00A8F8D9 /* AndyLifeFreedomThread.m */ = {isa = PBXFileReference; lastKnownFileType = sourcecode.c.objc; path = AndyLifeFreedomThread.m; sourceTree = "<group>"; };
		B6D9610E22C5F83800A8F8D9 /* AndySafeThread.h */ = {isa = PBXFileReference; lastKnownFileType = sourcecode.c.h; path = AndySafeThread.h; sourceTree = "<group>"; };
		B6D9610F22C5F83800A8F8D9 /* AndySafeThread.m */ = {isa = PBXFileReference; lastKnownFileType = sourcecode.c.objc; path = AndySafeThread.m; sourceTree = "<group>"; };
/* End PBXFileReference section */

/* Begin PBXFrameworksBuildPhase section */
		B6B7079E1E1BAF9900347B96 /* Frameworks */ = {
			isa = PBXFrameworksBuildPhase;
			buildActionMask = 2147483647;
			files = (
			);
			runOnlyForDeploymentPostprocessing = 0;
		};
		B6B707B71E1BAF9900347B96 /* Frameworks */ = {
			isa = PBXFrameworksBuildPhase;
			buildActionMask = 2147483647;
			files = (
			);
			runOnlyForDeploymentPostprocessing = 0;
		};
		B6B707C21E1BAF9900347B96 /* Frameworks */ = {
			isa = PBXFrameworksBuildPhase;
			buildActionMask = 2147483647;
			files = (
			);
			runOnlyForDeploymentPostprocessing = 0;
		};
/* End PBXFrameworksBuildPhase section */

/* Begin PBXGroup section */
		B6B707981E1BAF9900347B96 = {
			isa = PBXGroup;
			children = (
				B6B707D71E1BB09400347B96 /* AndyGCD */,
				B6B707A31E1BAF9900347B96 /* AndyGCD_Test */,
				B6B707BD1E1BAF9900347B96 /* AndyGCD_TestTests */,
				B6B707C81E1BAF9900347B96 /* AndyGCD_TestUITests */,
				B6B707A21E1BAF9900347B96 /* Products */,
			);
			sourceTree = "<group>";
		};
		B6B707A21E1BAF9900347B96 /* Products */ = {
			isa = PBXGroup;
			children = (
				B6B707A11E1BAF9900347B96 /* AndyGCD_Test.app */,
				B6B707BA1E1BAF9900347B96 /* AndyGCD_TestTests.xctest */,
				B6B707C51E1BAF9900347B96 /* AndyGCD_TestUITests.xctest */,
			);
			name = Products;
			sourceTree = "<group>";
		};
		B6B707A31E1BAF9900347B96 /* AndyGCD_Test */ = {
			isa = PBXGroup;
			children = (
				B6B707A71E1BAF9900347B96 /* AppDelegate.h */,
				B6B707A81E1BAF9900347B96 /* AppDelegate.m */,
				B6B707AA1E1BAF9900347B96 /* ViewController.h */,
				B6B707AB1E1BAF9900347B96 /* ViewController.m */,
				B6704A4223C4A95D00E81AB3 /* AndyPeronalSafeThread.h */,
				B6704A4323C4A95D00E81AB3 /* AndyPeronalSafeThread.m */,
				B6B707AD1E1BAF9900347B96 /* Main.storyboard */,
				B6B707B01E1BAF9900347B96 /* Assets.xcassets */,
				B6B707B21E1BAF9900347B96 /* LaunchScreen.storyboard */,
				B6B707B51E1BAF9900347B96 /* Info.plist */,
				B6B707A41E1BAF9900347B96 /* Supporting Files */,
			);
			path = AndyGCD_Test;
			sourceTree = "<group>";
		};
		B6B707A41E1BAF9900347B96 /* Supporting Files */ = {
			isa = PBXGroup;
			children = (
				B6B707A51E1BAF9900347B96 /* main.m */,
			);
			name = "Supporting Files";
			sourceTree = "<group>";
		};
		B6B707BD1E1BAF9900347B96 /* AndyGCD_TestTests */ = {
			isa = PBXGroup;
			children = (
				B6B707BE1E1BAF9900347B96 /* AndyGCD_TestTests.m */,
				B6B707C01E1BAF9900347B96 /* Info.plist */,
			);
			path = AndyGCD_TestTests;
			sourceTree = "<group>";
		};
		B6B707C81E1BAF9900347B96 /* AndyGCD_TestUITests */ = {
			isa = PBXGroup;
			children = (
				B6B707C91E1BAF9900347B96 /* AndyGCD_TestUITests.m */,
				B6B707CB1E1BAF9900347B96 /* Info.plist */,
			);
			path = AndyGCD_TestUITests;
			sourceTree = "<group>";
		};
		B6B707D71E1BB09400347B96 /* AndyGCD */ = {
			isa = PBXGroup;
			children = (
				B6B707D81E1BB0A900347B96 /* AndyGCD.h */,
				B6B707D91E1BB0F300347B96 /* AndyGCDQueue.h */,
				B6B707DA1E1BB0F300347B96 /* AndyGCDQueue.m */,
				B6B707DC1E1BB1AF00347B96 /* AndyGCDGroup.h */,
				B6B707DD1E1BB1AF00347B96 /* AndyGCDGroup.m */,
				B6B707DF1E1BB77100347B96 /* AndyGCDSemaphore.h */,
				B6B707E01E1BB77100347B96 /* AndyGCDSemaphore.m */,
				B6B707E21E1BB78100347B96 /* AndyGCDTimer.h */,
				B6B707E31E1BB78100347B96 /* AndyGCDTimer.m */,
				B6BA3A7B1E5EEE65006E7983 /* AndyGCDConst.h */,
				B6BA3A7C1E5EEE65006E7983 /* AndyGCDConst.m */,
				B6D9610B22C5F75D00A8F8D9 /* AndyLifeFreedomThread.h */,
				B6D9610C22C5F75D00A8F8D9 /* AndyLifeFreedomThread.m */,
				B6D9610E22C5F83800A8F8D9 /* AndySafeThread.h */,
				B6D9610F22C5F83800A8F8D9 /* AndySafeThread.m */,
				B6704A4523C4B74800E81AB3 /* AndyTask.h */,
				B6704A4623C4B74800E81AB3 /* AndyTask.m */,
				B6704A4723C4B74800E81AB3 /* AndyTaskQueue.h */,
				B6704A4823C4B74800E81AB3 /* AndyTaskQueue.m */,
			);
			path = AndyGCD;
			sourceTree = "<group>";
		};
/* End PBXGroup section */

/* Begin PBXNativeTarget section */
		B6B707A01E1BAF9900347B96 /* AndyGCD_Test */ = {
			isa = PBXNativeTarget;
			buildConfigurationList = B6B707CE1E1BAF9900347B96 /* Build configuration list for PBXNativeTarget "AndyGCD_Test" */;
			buildPhases = (
				B6B7079D1E1BAF9900347B96 /* Sources */,
				B6B7079E1E1BAF9900347B96 /* Frameworks */,
				B6B7079F1E1BAF9900347B96 /* Resources */,
			);
			buildRules = (
			);
			dependencies = (
			);
			name = AndyGCD_Test;
			productName = AndyGCD_Test;
			productReference = B6B707A11E1BAF9900347B96 /* AndyGCD_Test.app */;
			productType = "com.apple.product-type.application";
		};
		B6B707B91E1BAF9900347B96 /* AndyGCD_TestTests */ = {
			isa = PBXNativeTarget;
			buildConfigurationList = B6B707D11E1BAF9900347B96 /* Build configuration list for PBXNativeTarget "AndyGCD_TestTests" */;
			buildPhases = (
				B6B707B61E1BAF9900347B96 /* Sources */,
				B6B707B71E1BAF9900347B96 /* Frameworks */,
				B6B707B81E1BAF9900347B96 /* Resources */,
			);
			buildRules = (
			);
			dependencies = (
				B6B707BC1E1BAF9900347B96 /* PBXTargetDependency */,
			);
			name = AndyGCD_TestTests;
			productName = AndyGCD_TestTests;
			productReference = B6B707BA1E1BAF9900347B96 /* AndyGCD_TestTests.xctest */;
			productType = "com.apple.product-type.bundle.unit-test";
		};
		B6B707C41E1BAF9900347B96 /* AndyGCD_TestUITests */ = {
			isa = PBXNativeTarget;
			buildConfigurationList = B6B707D41E1BAF9900347B96 /* Build configuration list for PBXNativeTarget "AndyGCD_TestUITests" */;
			buildPhases = (
				B6B707C11E1BAF9900347B96 /* Sources */,
				B6B707C21E1BAF9900347B96 /* Frameworks */,
				B6B707C31E1BAF9900347B96 /* Resources */,
			);
			buildRules = (
			);
			dependencies = (
				B6B707C71E1BAF9900347B96 /* PBXTargetDependency */,
			);
			name = AndyGCD_TestUITests;
			productName = AndyGCD_TestUITests;
			productReference = B6B707C51E1BAF9900347B96 /* AndyGCD_TestUITests.xctest */;
			productType = "com.apple.product-type.bundle.ui-testing";
		};
/* End PBXNativeTarget section */

/* Begin PBXProject section */
		B6B707991E1BAF9900347B96 /* Project object */ = {
			isa = PBXProject;
			attributes = {
				LastUpgradeCheck = 0820;
				ORGANIZATIONNAME = andyshare;
				TargetAttributes = {
					B6B707A01E1BAF9900347B96 = {
						CreatedOnToolsVersion = 8.2.1;
						DevelopmentTeam = M3954NS6ZG;
						ProvisioningStyle = Automatic;
					};
					B6B707B91E1BAF9900347B96 = {
						CreatedOnToolsVersion = 8.2.1;
						ProvisioningStyle = Automatic;
						TestTargetID = B6B707A01E1BAF9900347B96;
					};
					B6B707C41E1BAF9900347B96 = {
						CreatedOnToolsVersion = 8.2.1;
						ProvisioningStyle = Automatic;
						TestTargetID = B6B707A01E1BAF9900347B96;
					};
				};
			};
			buildConfigurationList = B6B7079C1E1BAF9900347B96 /* Build configuration list for PBXProject "AndyGCD_Test" */;
			compatibilityVersion = "Xcode 3.2";
			developmentRegion = English;
			hasScannedForEncodings = 0;
			knownRegions = (
				English,
				en,
				Base,
			);
			mainGroup = B6B707981E1BAF9900347B96;
			productRefGroup = B6B707A21E1BAF9900347B96 /* Products */;
			projectDirPath = "";
			projectRoot = "";
			targets = (
				B6B707A01E1BAF9900347B96 /* AndyGCD_Test */,
				B6B707B91E1BAF9900347B96 /* AndyGCD_TestTests */,
				B6B707C41E1BAF9900347B96 /* AndyGCD_TestUITests */,
			);
		};
/* End PBXProject section */

/* Begin PBXResourcesBuildPhase section */
		B6B7079F1E1BAF9900347B96 /* Resources */ = {
			isa = PBXResourcesBuildPhase;
			buildActionMask = 2147483647;
			files = (
				B6B707B41E1BAF9900347B96 /* LaunchScreen.storyboard in Resources */,
				B6B707B11E1BAF9900347B96 /* Assets.xcassets in Resources */,
				B6B707AF1E1BAF9900347B96 /* Main.storyboard in Resources */,
			);
			runOnlyForDeploymentPostprocessing = 0;
		};
		B6B707B81E1BAF9900347B96 /* Resources */ = {
			isa = PBXResourcesBuildPhase;
			buildActionMask = 2147483647;
			files = (
			);
			runOnlyForDeploymentPostprocessing = 0;
		};
		B6B707C31E1BAF9900347B96 /* Resources */ = {
			isa = PBXResourcesBuildPhase;
			buildActionMask = 2147483647;
			files = (
			);
			runOnlyForDeploymentPostprocessing = 0;
		};
/* End PBXResourcesBuildPhase section */

/* Begin PBXSourcesBuildPhase section */
		B6B7079D1E1BAF9900347B96 /* Sources */ = {
			isa = PBXSourcesBuildPhase;
			buildActionMask = 2147483647;
			files = (
				B6B707DB1E1BB0F300347B96 /* AndyGCDQueue.m in Sources */,
				B6B707E11E1BB77100347B96 /* AndyGCDSemaphore.m in Sources */,
				B6BA3A7D1E5EEE65006E7983 /* AndyGCDConst.m in Sources */,
				B6B707AC1E1BAF9900347B96 /* ViewController.m in Sources */,
				B6704A4923C4B74800E81AB3 /* AndyTask.m in Sources */,
				B6D9611022C5F83800A8F8D9 /* AndySafeThread.m in Sources */,
				B6704A4A23C4B74800E81AB3 /* AndyTaskQueue.m in Sources */,
				B6B707DE1E1BB1AF00347B96 /* AndyGCDGroup.m in Sources */,
				B6B707A91E1BAF9900347B96 /* AppDelegate.m in Sources */,
				B6B707A61E1BAF9900347B96 /* main.m in Sources */,
				B6B707E41E1BB78100347B96 /* AndyGCDTimer.m in Sources */,
				B6704A4423C4A95D00E81AB3 /* AndyPeronalSafeThread.m in Sources */,
				B6D9610D22C5F75D00A8F8D9 /* AndyLifeFreedomThread.m in Sources */,
			);
			runOnlyForDeploymentPostprocessing = 0;
		};
		B6B707B61E1BAF9900347B96 /* Sources */ = {
			isa = PBXSourcesBuildPhase;
			buildActionMask = 2147483647;
			files = (
				B6B707BF1E1BAF9900347B96 /* AndyGCD_TestTests.m in Sources */,
			);
			runOnlyForDeploymentPostprocessing = 0;
		};
		B6B707C11E1BAF9900347B96 /* Sources */ = {
			isa = PBXSourcesBuildPhase;
			buildActionMask = 2147483647;
			files = (
				B6B707CA1E1BAF9900347B96 /* AndyGCD_TestUITests.m in Sources */,
			);
			runOnlyForDeploymentPostprocessing = 0;
		};
/* End PBXSourcesBuildPhase section */

/* Begin PBXTargetDependency section */
		B6B707BC1E1BAF9900347B96 /* PBXTargetDependency */ = {
			isa = PBXTargetDependency;
			target = B6B707A01E1BAF9900347B96 /* AndyGCD_Test */;
			targetProxy = B6B707BB1E1BAF9900347B96 /* PBXContainerItemProxy */;
		};
		B6B707C71E1BAF9900347B96 /* PBXTargetDependency */ = {
			isa = PBXTargetDependency;
			target = B6B707A01E1BAF9900347B96 /* AndyGCD_Test */;
			targetProxy = B6B707C61E1BAF9900347B96 /* PBXContainerItemProxy */;
		};
/* End PBXTargetDependency section */

/* Begin PBXVariantGroup section */
		B6B707AD1E1BAF9900347B96 /* Main.storyboard */ = {
			isa = PBXVariantGroup;
			children = (
				B6B707AE1E1BAF9900347B96 /* Base */,
			);
			name = Main.storyboard;
			sourceTree = "<group>";
		};
		B6B707B21E1BAF9900347B96 /* LaunchScreen.storyboard */ = {
			isa = PBXVariantGroup;
			children = (
				B6B707B31E1BAF9900347B96 /* Base */,
			);
			name = LaunchScreen.storyboard;
			sourceTree = "<group>";
		};
/* End PBXVariantGroup section */

/* Begin XCBuildConfiguration section */
		B6B707CC1E1BAF9900347B96 /* Debug */ = {
			isa = XCBuildConfiguration;
			buildSettings = {
				ALWAYS_SEARCH_USER_PATHS = NO;
				CLANG_ANALYZER_NONNULL = YES;
				CLANG_CXX_LANGUAGE_STANDARD = "gnu++0x";
				CLANG_CXX_LIBRARY = "libc++";
				CLANG_ENABLE_MODULES = YES;
				CLANG_ENABLE_OBJC_ARC = YES;
				CLANG_WARN_BOOL_CONVERSION = YES;
				CLANG_WARN_CONSTANT_CONVERSION = YES;
				CLANG_WARN_DIRECT_OBJC_ISA_USAGE = YES_ERROR;
				CLANG_WARN_DOCUMENTATION_COMMENTS = YES;
				CLANG_WARN_EMPTY_BODY = YES;
				CLANG_WARN_ENUM_CONVERSION = YES;
				CLANG_WARN_INFINITE_RECURSION = YES;
				CLANG_WARN_INT_CONVERSION = YES;
				CLANG_WARN_OBJC_ROOT_CLASS = YES_ERROR;
				CLANG_WARN_SUSPICIOUS_MOVE = YES;
				CLANG_WARN_UNREACHABLE_CODE = YES;
				CLANG_WARN__DUPLICATE_METHOD_MATCH = YES;
				"CODE_SIGN_IDENTITY[sdk=iphoneos*]" = "iPhone Developer";
				COPY_PHASE_STRIP = NO;
				DEBUG_INFORMATION_FORMAT = dwarf;
				ENABLE_STRICT_OBJC_MSGSEND = YES;
				ENABLE_TESTABILITY = YES;
				GCC_C_LANGUAGE_STANDARD = gnu99;
				GCC_DYNAMIC_NO_PIC = NO;
				GCC_NO_COMMON_BLOCKS = YES;
				GCC_OPTIMIZATION_LEVEL = 0;
				GCC_PREPROCESSOR_DEFINITIONS = (
					"DEBUG=1",
					"$(inherited)",
				);
				GCC_WARN_64_TO_32_BIT_CONVERSION = YES;
				GCC_WARN_ABOUT_RETURN_TYPE = YES_ERROR;
				GCC_WARN_UNDECLARED_SELECTOR = YES;
				GCC_WARN_UNINITIALIZED_AUTOS = YES_AGGRESSIVE;
				GCC_WARN_UNUSED_FUNCTION = YES;
				GCC_WARN_UNUSED_VARIABLE = YES;
				IPHONEOS_DEPLOYMENT_TARGET = 10.2;
				MTL_ENABLE_DEBUG_INFO = YES;
				ONLY_ACTIVE_ARCH = YES;
				SDKROOT = iphoneos;
				TARGETED_DEVICE_FAMILY = "1,2";
			};
			name = Debug;
		};
		B6B707CD1E1BAF9900347B96 /* Release */ = {
			isa = XCBuildConfiguration;
			buildSettings = {
				ALWAYS_SEARCH_USER_PATHS = NO;
				CLANG_ANALYZER_NONNULL = YES;
				CLANG_CXX_LANGUAGE_STANDARD = "gnu++0x";
				CLANG_CXX_LIBRARY = "libc++";
				CLANG_ENABLE_MODULES = YES;
				CLANG_ENABLE_OBJC_ARC = YES;
				CLANG_WARN_BOOL_CONVERSION = YES;
				CLANG_WARN_CONSTANT_CONVERSION = YES;
				CLANG_WARN_DIRECT_OBJC_ISA_USAGE = YES_ERROR;
				CLANG_WARN_DOCUMENTATION_COMMENTS = YES;
				CLANG_WARN_EMPTY_BODY = YES;
				CLANG_WARN_ENUM_CONVERSION = YES;
				CLANG_WARN_INFINITE_RECURSION = YES;
				CLANG_WARN_INT_CONVERSION = YES;
				CLANG_WARN_OBJC_ROOT_CLASS = YES_ERROR;
				CLANG_WARN_SUSPICIOUS_MOVE = YES;
				CLANG_WARN_UNREACHABLE_CODE = YES;
				CLANG_WARN__DUPLICATE_METHOD_MATCH = YES;
				"CODE_SIGN_IDENTITY[sdk=iphoneos*]" = "iPhone Developer";
				COPY_PHASE_STRIP = NO;
				DEBUG_INFORMATION_FORMAT = "dwarf-with-dsym";
				ENABLE_NS_ASSERTIONS = NO;
				ENABLE_STRICT_OBJC_MSGSEND = YES;
				GCC_C_LANGUAGE_STANDARD = gnu99;
				GCC_NO_COMMON_BLOCKS = YES;
				GCC_WARN_64_TO_32_BIT_CONVERSION = YES;
				GCC_WARN_ABOUT_RETURN_TYPE = YES_ERROR;
				GCC_WARN_UNDECLARED_SELECTOR = YES;
				GCC_WARN_UNINITIALIZED_AUTOS = YES_AGGRESSIVE;
				GCC_WARN_UNUSED_FUNCTION = YES;
				GCC_WARN_UNUSED_VARIABLE = YES;
				IPHONEOS_DEPLOYMENT_TARGET = 10.2;
				MTL_ENABLE_DEBUG_INFO = NO;
				SDKROOT = iphoneos;
				TARGETED_DEVICE_FAMILY = "1,2";
				VALIDATE_PRODUCT = YES;
			};
			name = Release;
		};
		B6B707CF1E1BAF9900347B96 /* Debug */ = {
			isa = XCBuildConfiguration;
			buildSettings = {
				ASSETCATALOG_COMPILER_APPICON_NAME = AppIcon;
				DEVELOPMENT_TEAM = M3954NS6ZG;
				INFOPLIST_FILE = AndyGCD_Test/Info.plist;
				IPHONEOS_DEPLOYMENT_TARGET = 8.0;
				LD_RUNPATH_SEARCH_PATHS = "$(inherited) @executable_path/Frameworks";
				PRODUCT_BUNDLE_IDENTIFIER = comsdfsf.tencent.mars;
				PRODUCT_NAME = "$(TARGET_NAME)";
			};
			name = Debug;
		};
		B6B707D01E1BAF9900347B96 /* Release */ = {
			isa = XCBuildConfiguration;
			buildSettings = {
				ASSETCATALOG_COMPILER_APPICON_NAME = AppIcon;
				DEVELOPMENT_TEAM = M3954NS6ZG;
				INFOPLIST_FILE = AndyGCD_Test/Info.plist;
				IPHONEOS_DEPLOYMENT_TARGET = 8.0;
				LD_RUNPATH_SEARCH_PATHS = "$(inherited) @executable_path/Frameworks";
				PRODUCT_BUNDLE_IDENTIFIER = comsdfsf.tencent.mars;
				PRODUCT_NAME = "$(TARGET_NAME)";
			};
			name = Release;
		};
		B6B707D21E1BAF9900347B96 /* Debug */ = {
			isa = XCBuildConfiguration;
			buildSettings = {
				BUNDLE_LOADER = "$(TEST_HOST)";
				INFOPLIST_FILE = AndyGCD_TestTests/Info.plist;
				LD_RUNPATH_SEARCH_PATHS = "$(inherited) @executable_path/Frameworks @loader_path/Frameworks";
				PRODUCT_BUNDLE_IDENTIFIER = "com.lenovo.AndyGCD-TestTests";
				PRODUCT_NAME = "$(TARGET_NAME)";
				TEST_HOST = "$(BUILT_PRODUCTS_DIR)/AndyGCD_Test.app/AndyGCD_Test";
			};
			name = Debug;
		};
		B6B707D31E1BAF9900347B96 /* Release */ = {
			isa = XCBuildConfiguration;
			buildSettings = {
				BUNDLE_LOADER = "$(TEST_HOST)";
				INFOPLIST_FILE = AndyGCD_TestTests/Info.plist;
				LD_RUNPATH_SEARCH_PATHS = "$(inherited) @executable_path/Frameworks @loader_path/Frameworks";
				PRODUCT_BUNDLE_IDENTIFIER = "com.lenovo.AndyGCD-TestTests";
				PRODUCT_NAME = "$(TARGET_NAME)";
				TEST_HOST = "$(BUILT_PRODUCTS_DIR)/AndyGCD_Test.app/AndyGCD_Test";
			};
			name = Release;
		};
		B6B707D51E1BAF9900347B96 /* Debug */ = {
			isa = XCBuildConfiguration;
			buildSettings = {
				INFOPLIST_FILE = AndyGCD_TestUITests/Info.plist;
				LD_RUNPATH_SEARCH_PATHS = "$(inherited) @executable_path/Frameworks @loader_path/Frameworks";
				PRODUCT_BUNDLE_IDENTIFIER = "com.lenovo.AndyGCD-TestUITests";
				PRODUCT_NAME = "$(TARGET_NAME)";
				TEST_TARGET_NAME = AndyGCD_Test;
			};
			name = Debug;
		};
		B6B707D61E1BAF9900347B96 /* Release */ = {
			isa = XCBuildConfiguration;
			buildSettings = {
				INFOPLIST_FILE = AndyGCD_TestUITests/Info.plist;
				LD_RUNPATH_SEARCH_PATHS = "$(inherited) @executable_path/Frameworks @loader_path/Frameworks";
				PRODUCT_BUNDLE_IDENTIFIER = "com.lenovo.AndyGCD-TestUITests";
				PRODUCT_NAME = "$(TARGET_NAME)";
				TEST_TARGET_NAME = AndyGCD_Test;
			};
			name = Release;
		};
/* End XCBuildConfiguration section */

/* Begin XCConfigurationList section */
		B6B7079C1E1BAF9900347B96 /* Build configuration list for PBXProject "AndyGCD_Test" */ = {
			isa = XCConfigurationList;
			buildConfigurations = (
				B6B707CC1E1BAF9900347B96 /* Debug */,
				B6B707CD1E1BAF9900347B96 /* Release */,
			);
			defaultConfigurationIsVisible = 0;
			defaultConfigurationName = Release;
		};
		B6B707CE1E1BAF9900347B96 /* Build configuration list for PBXNativeTarget "AndyGCD_Test" */ = {
			isa = XCConfigurationList;
			buildConfigurations = (
				B6B707CF1E1BAF9900347B96 /* Debug */,
				B6B707D01E1BAF9900347B96 /* Release */,
			);
			defaultConfigurationIsVisible = 0;
			defaultConfigurationName = Release;
		};
		B6B707D11E1BAF9900347B96 /* Build configuration list for PBXNativeTarget "AndyGCD_TestTests" */ = {
			isa = XCConfigurationList;
			buildConfigurations = (
				B6B707D21E1BAF9900347B96 /* Debug */,
				B6B707D31E1BAF9900347B96 /* Release */,
			);
			defaultConfigurationIsVisible = 0;
			defaultConfigurationName = Release;
		};
		B6B707D41E1BAF9900347B96 /* Build configuration list for PBXNativeTarget "AndyGCD_TestUITests" */ = {
			isa = XCConfigurationList;
			buildConfigurations = (
				B6B707D51E1BAF9900347B96 /* Debug */,
				B6B707D61E1BAF9900347B96 /* Release */,
			);
			defaultConfigurationIsVisible = 0;
			defaultConfigurationName = Release;
		};
/* End XCConfigurationList section */
	};
	rootObject = B6B707991E1BAF9900347B96 /* Project object */;
}
